
Microsoft Visual Studio Solution File, Format Version 12.00
# Visual Studio Version 17
VisualStudioVersion = 17.8.34511.84
MinimumVisualStudioVersion = 10.0.40219.1
Project("{9A19103F-16F7-4668-BE54-9A1E7A4F7556}") = "ProjetDevSys", "ProjetDevSys\ProjetDevSys.csproj", "{3AA25465-A3FB-4BF3-9463-AED46EB1B0A0}"
EndProject
Project("{9A19103F-16F7-4668-BE54-9A1E7A4F7556}") = "ProjetDevSysGraphical", "ProjetDevSysGraphical\ProjetDevSysGraphical.csproj", "{D4C8BCA6-AC5B-4CBD-BC78-FF22E270ADF2}"
EndProject
Project("{FAE04EC0-301F-11D3-BF4B-00C04F79EFBC}") = "Projet_Dev_Systeme_UnitTest", "Projet_Dev_Systeme_UnitTest\Projet_Dev_Systeme_UnitTest.csproj", "{A5D29CFF-65AC-41BE-8A67-4EB9457789AF}"
EndProject
Global
	GlobalSection(SolutionConfigurationPlatforms) = preSolution
		Debug|Any CPU = Debug|Any CPU
		Release|Any CPU = Release|Any CPU
	EndGlobalSection
	GlobalSection(ProjectConfigurationPlatforms) = postSolution
		{3AA25465-A3FB-4BF3-9463-AED46EB1B0A0}.Debug|Any CPU.ActiveCfg = Debug|Any CPU
		{3AA25465-A3FB-4BF3-9463-AED46EB1B0A0}.Debug|Any CPU.Build.0 = Debug|Any CPU
		{3AA25465-A3FB-4BF3-9463-AED46EB1B0A0}.Release|Any CPU.ActiveCfg = Release|Any CPU
		{3AA25465-A3FB-4BF3-9463-AED46EB1B0A0}.Release|Any CPU.Build.0 = Release|Any CPU
		{D4C8BCA6-AC5B-4CBD-BC78-FF22E270ADF2}.Debug|Any CPU.ActiveCfg = Debug|Any CPU
		{D4C8BCA6-AC5B-4CBD-BC78-FF22E270ADF2}.Debug|Any CPU.Build.0 = Debug|Any CPU
		{D4C8BCA6-AC5B-4CBD-BC78-FF22E270ADF2}.Release|Any CPU.ActiveCfg = Release|Any CPU
		{D4C8BCA6-AC5B-4CBD-BC78-FF22E270ADF2}.Release|Any CPU.Build.0 = Release|Any CPU
		{A5D29CFF-65AC-41BE-8A67-4EB9457789AF}.Debug|Any CPU.ActiveCfg = Debug|Any CPU
		{A5D29CFF-65AC-41BE-8A67-4EB9457789AF}.Debug|Any CPU.Build.0 = Debug|Any CPU
		{A5D29CFF-65AC-41BE-8A67-4EB9457789AF}.Release|Any CPU.ActiveCfg = Release|Any CPU
		{A5D29CFF-65AC-41BE-8A67-4EB9457789AF}.Release|Any CPU.Build.0 = Release|Any CPU
	EndGlobalSection
	GlobalSection(SolutionProperties) = preSolution
		HideSolutionNode = FALSE
	EndGlobalSection
	GlobalSection(ExtensibilityGlobals) = postSolution
		SolutionGuid = {B7C5E64D-83A0-4BB2-A997-BD553284D948}
	EndGlobalSection
EndGlobal
